// !$*UTF8*$!
{
	archiveVersion = 1;
	classes = {
	};
	objectVersion = 77;
	objects = {

/* Begin PBXBuildFile section */
		CB1143892F896DDF009F9FA2 /* KeyboardExtension.appex in Embed Foundation Extensions */ = {isa = PBXBuildFile; fileRef = CB1143822F896DDF009F9FA2 /* KeyboardExtension.appex */; settings = {ATTRIBUTES = (RemoveHeadersOnCopy, ); }; };
		CB1143B02F89A672009F9FA2 /* KeyboardViewController.swift in Sources */ = {isa = PBXBuildFile; fileRef = CB1143AB2F89A672009F9FA2 /* KeyboardViewController.swift */; };
		CB1143B22F89A672009F9FA2 /* KeyboardViewController.swift in Sources */ = {isa = PBXBuildFile; fileRef = CB1143AB2F89A672009F9FA2 /* KeyboardViewController.swift */; };
		CB9BF33C2F8A1567001FCAA8 /* KeyboardActionHandler.swift in Sources */ = {isa = PBXBuildFile; fileRef = CB9BF32E2F8A1567001FCAA8 /* KeyboardActionHandler.swift */; };
		CB9BF33D2F8A1567001FCAA8 /* SpaceRowView.swift in Sources */ = {isa = PBXBuildFile; fileRef = CB9BF3392F8A1567001FCAA8 /* SpaceRowView.swift */; };
		CB9BF33E2F8A1567001FCAA8 /* SymbolicKeyboardView.swift in Sources */ = {isa = PBXBuildFile; fileRef = CB9BF33A2F8A1567001FCAA8 /* SymbolicKeyboardView.swift */; };
		CB9BF33F2F8A1567001FCAA8 /* KeyboardButtonStyle.swift in Sources */ = {isa = PBXBuildFile; fileRef = CB9BF3302F8A1567001FCAA8 /* KeyboardButtonStyle.swift */; };
		CB9BF3402F8A1567001FCAA8 /* HapticFeedback.swift in Sources */ = {isa = PBXBuildFile; fileRef = CB9BF3322F8A1567001FCAA8 /* HapticFeedback.swift */; };
		CB9BF3412F8A1567001FCAA8 /* ActionKeyView.swift in Sources */ = {isa = PBXBuildFile; fileRef = CB9BF3352F8A1567001FCAA8 /* ActionKeyView.swift */; };
		CB9BF3422F8A1567001FCAA8 /* AlphabeticKeyboardView.swift in Sources */ = {isa = PBXBuildFile; fileRef = CB9BF3362F8A1567001FCAA8 /* AlphabeticKeyboardView.swift */; };
		CB9BF3432F8A1567001FCAA8 /* NumericKeyboardView.swift in Sources */ = {isa = PBXBuildFile; fileRef = CB9BF3382F8A1567001FCAA8 /* NumericKeyboardView.swift */; };
		CB9BF3442F8A1567001FCAA8 /* TrackpadGestureExtension.swift in Sources */ = {isa = PBXBuildFile; fileRef = CB9BF3332F8A1567001FCAA8 /* TrackpadGestureExtension.swift */; };
		CB9BF3452F8A1567001FCAA8 /* KeyboardView.swift in Sources */ = {isa = PBXBuildFile; fileRef = CB9BF3372F8A1567001FCAA8 /* KeyboardView.swift */; };
		CB9BF3462F8A1567001FCAA8 /* KeyboardActionHandler.swift in Sources */ = {isa = PBXBuildFile; fileRef = CB9BF32E2F8A1567001FCAA8 /* KeyboardActionHandler.swift */; };
		CB9BF3472F8A1567001FCAA8 /* SpaceRowView.swift in Sources */ = {isa = PBXBuildFile; fileRef = CB9BF3392F8A1567001FCAA8 /* SpaceRowView.swift */; };
		CB9BF3482F8A1567001FCAA8 /* SymbolicKeyboardView.swift in Sources */ = {isa = PBXBuildFile; fileRef = CB9BF33A2F8A1567001FCAA8 /* SymbolicKeyboardView.swift */; };
		CB9BF3492F8A1567001FCAA8 /* KeyboardButtonStyle.swift in Sources */ = {isa = PBXBuildFile; fileRef = CB9BF3302F8A1567001FCAA8 /* KeyboardButtonStyle.swift */; };
		CB9BF34A2F8A1567001FCAA8 /* HapticFeedback.swift in Sources */ = {isa = PBXBuildFile; fileRef = CB9BF3322F8A1567001FCAA8 /* HapticFeedback.swift */; };
		CB9BF34B2F8A1567001FCAA8 /* ActionKeyView.swift in Sources */ = {isa = PBXBuildFile; fileRef = CB9BF3352F8A1567001FCAA8 /* ActionKeyView.swift */; };
		CB9BF34C2F8A1567001FCAA8 /* AlphabeticKeyboardView.swift in Sources */ = {isa = PBXBuildFile; fileRef = CB9BF3362F8A1567001FCAA8 /* AlphabeticKeyboardView.swift */; };
		CB9BF34D2F8A1567001FCAA8 /* NumericKeyboardView.swift in Sources */ = {isa = PBXBuildFile; fileRef = CB9BF3382F8A1567001FCAA8 /* NumericKeyboardView.swift */; };
		CB9BF34E2F8A1567001FCAA8 /* TrackpadGestureExtension.swift in Sources */ = {isa = PBXBuildFile; fileRef = CB9BF3332F8A1567001FCAA8 /* TrackpadGestureExtension.swift */; };
		CB9BF34F2F8A1567001FCAA8 /* KeyboardView.swift in Sources */ = {isa = PBXBuildFile; fileRef = CB9BF3372F8A1567001FCAA8 /* KeyboardView.swift */; };
/* End PBXBuildFile section */

/* Begin PBXContainerItemProxy section */
		CB1143622F896A0D009F9FA2 /* PBXContainerItemProxy */ = {
			isa = PBXContainerItemProxy;
			containerPortal = CB11434C2F896A0B009F9FA2 /* Project object */;
			proxyType = 1;
			remoteGlobalIDString = CB1143532F896A0B009F9FA2;
			remoteInfo = MyCuKey;
		};
		CB11436C2F896A0D009F9FA2 /* PBXContainerItemProxy */ = {
			isa = PBXContainerItemProxy;
			containerPortal = CB11434C2F896A0B009F9FA2 /* Project object */;
			proxyType = 1;
			remoteGlobalIDString = CB1143532F896A0B009F9FA2;
			remoteInfo = MyCuKey;
		};
		CB1143872F896DDF009F9FA2 /* PBXContainerItemProxy */ = {
			isa = PBXContainerItemProxy;
			containerPortal = CB11434C2F896A0B009F9FA2 /* Project object */;
			proxyType = 1;
			remoteGlobalIDString = CB1143812F896DDF009F9FA2;
			remoteInfo = KeyboardExtension;
		};
/* End PBXContainerItemProxy section */

/* Begin PBXCopyFilesBuildPhase section */
		CB11438E2F896DDF009F9FA2 /* Embed Foundation Extensions */ = {
			isa = PBXCopyFilesBuildPhase;
			buildActionMask = 2147483647;
			dstPath = "";
			dstSubfolderSpec = 13;
			files = (
				CB1143892F896DDF009F9FA2 /* KeyboardExtension.appex in Embed Foundation Extensions */,
			);
			name = "Embed Foundation Extensions";
			runOnlyForDeploymentPostprocessing = 0;
		};
/* End PBXCopyFilesBuildPhase section */

/* Begin PBXFileReference section */
		CB1143542F896A0B009F9FA2 /* MyCuKey.app */ = {isa = PBXFileReference; explicitFileType = wrapper.application; includeInIndex = 0; path = MyCuKey.app; sourceTree = BUILT_PRODUCTS_DIR; };
		CB1143612F896A0D009F9FA2 /* MyCuKeyTests.xctest */ = {isa = PBXFileReference; explicitFileType = wrapper.cfbundle; includeInIndex = 0; path = MyCuKeyTests.xctest; sourceTree = BUILT_PRODUCTS_DIR; };
		CB11436B2F896A0D009F9FA2 /* MyCuKeyUITests.xctest */ = {isa = PBXFileReference; explicitFileType = wrapper.cfbundle; includeInIndex = 0; path = MyCuKeyUITests.xctest; sourceTree = BUILT_PRODUCTS_DIR; };
		CB1143822F896DDF009F9FA2 /* KeyboardExtension.appex */ = {isa = PBXFileReference; explicitFileType = "wrapper.app-extension"; includeInIndex = 0; path = KeyboardExtension.appex; sourceTree = BUILT_PRODUCTS_DIR; };
		CB1143A82F89A672009F9FA2 /* Info.plist */ = {isa = PBXFileReference; lastKnownFileType = text.plist.xml; path = Info.plist; sourceTree = "<group>"; };
		CB1143AB2F89A672009F9FA2 /* KeyboardViewController.swift */ = {isa = PBXFileReference; lastKnownFileType = sourcecode.swift; path = KeyboardViewController.swift; sourceTree = "<group>"; };
		CB9BF32E2F8A1567001FCAA8 /* KeyboardActionHandler.swift */ = {isa = PBXFileReference; lastKnownFileType = sourcecode.swift; path = KeyboardActionHandler.swift; sourceTree = "<group>"; };
		CB9BF3302F8A1567001FCAA8 /* KeyboardButtonStyle.swift */ = {isa = PBXFileReference; lastKnownFileType = sourcecode.swift; path = KeyboardButtonStyle.swift; sourceTree = "<group>"; };
		CB9BF3322F8A1567001FCAA8 /* HapticFeedback.swift */ = {isa = PBXFileReference; lastKnownFileType = sourcecode.swift; path = HapticFeedback.swift; sourceTree = "<group>"; };
		CB9BF3332F8A1567001FCAA8 /* TrackpadGestureExtension.swift */ = {isa = PBXFileReference; lastKnownFileType = sourcecode.swift; path = TrackpadGestureExtension.swift; sourceTree = "<group>"; };
		CB9BF3352F8A1567001FCAA8 /* ActionKeyView.swift */ = {isa = PBXFileReference; lastKnownFileType = sourcecode.swift; path = ActionKeyView.swift; sourceTree = "<group>"; };
		CB9BF3362F8A1567001FCAA8 /* AlphabeticKeyboardView.swift */ = {isa = PBXFileReference; lastKnownFileType = sourcecode.swift; path = AlphabeticKeyboardView.swift; sourceTree = "<group>"; };
		CB9BF3372F8A1567001FCAA8 /* KeyboardView.swift */ = {isa = PBXFileReference; lastKnownFileType = sourcecode.swift; path = KeyboardView.swift; sourceTree = "<group>"; };
		CB9BF3382F8A1567001FCAA8 /* NumericKeyboardView.swift */ = {isa = PBXFileReference; lastKnownFileType = sourcecode.swift; path = NumericKeyboardView.swift; sourceTree = "<group>"; };
		CB9BF3392F8A1567001FCAA8 /* SpaceRowView.swift */ = {isa = PBXFileReference; lastKnownFileType = sourcecode.swift; path = SpaceRowView.swift; sourceTree = "<group>"; };
		CB9BF33A2F8A1567001FCAA8 /* SymbolicKeyboardView.swift */ = {isa = PBXFileReference; lastKnownFileType = sourcecode.swift; path = SymbolicKeyboardView.swift; sourceTree = "<group>"; };
/* End PBXFileReference section */

/* Begin PBXFileSystemSynchronizedRootGroup section */
		CB1143562F896A0B009F9FA2 /* MyCuKey */ = {
			isa = PBXFileSystemSynchronizedRootGroup;
			path = MyCuKey;
			sourceTree = "<group>";
		};
		CB1143642F896A0D009F9FA2 /* MyCuKeyTests */ = {
			isa = PBXFileSystemSynchronizedRootGroup;
			path = MyCuKeyTests;
			sourceTree = "<group>";
		};
		CB11436E2F896A0D009F9FA2 /* MyCuKeyUITests */ = {
			isa = PBXFileSystemSynchronizedRootGroup;
			path = MyCuKeyUITests;
			sourceTree = "<group>";
		};
/* End PBXFileSystemSynchronizedRootGroup section */

/* Begin PBXFrameworksBuildPhase section */
		CB1143512F896A0B009F9FA2 /* Frameworks */ = {
			isa = PBXFrameworksBuildPhase;
			buildActionMask = 2147483647;
			files = (
			);
			runOnlyForDeploymentPostprocessing = 0;
		};
		CB11435E2F896A0D009F9FA2 /* Frameworks */ = {
			isa = PBXFrameworksBuildPhase;
			buildActionMask = 2147483647;
			files = (
			);
			runOnlyForDeploymentPostprocessing = 0;
		};
		CB1143682F896A0D009F9FA2 /* Frameworks */ = {
			isa = PBXFrameworksBuildPhase;
			buildActionMask = 2147483647;
			files = (
			);
			runOnlyForDeploymentPostprocessing = 0;
		};
		CB11437F2F896DDF009F9FA2 /* Frameworks */ = {
			isa = PBXFrameworksBuildPhase;
			buildActionMask = 2147483647;
			files = (
			);
			runOnlyForDeploymentPostprocessing = 0;
		};
/* End PBXFrameworksBuildPhase section */

/* Begin PBXGroup section */
		CB11434B2F896A0B009F9FA2 = {
			isa = PBXGroup;
			children = (
				CB1143562F896A0B009F9FA2 /* MyCuKey */,
				CB1143642F896A0D009F9FA2 /* MyCuKeyTests */,
				CB11436E2F896A0D009F9FA2 /* MyCuKeyUITests */,
				CB1143AC2F89A672009F9FA2 /* KeyboardExtension */,
				CB1143552F896A0B009F9FA2 /* Products */,
			);
			sourceTree = "<group>";
		};
		CB1143552F896A0B009F9FA2 /* Products */ = {
			isa = PBXGroup;
			children = (
				CB1143542F896A0B009F9FA2 /* MyCuKey.app */,
				CB1143612F896A0D009F9FA2 /* MyCuKeyTests.xctest */,
				CB11436B2F896A0D009F9FA2 /* MyCuKeyUITests.xctest */,
				CB1143822F896DDF009F9FA2 /* KeyboardExtension.appex */,
			);
			name = Products;
			sourceTree = "<group>";
		};
		CB1143AC2F89A672009F9FA2 /* KeyboardExtension */ = {
			isa = PBXGroup;
			children = (
				CB9BF32F2F8A1567001FCAA8 /* Handler */,
				CB9BF3312F8A1567001FCAA8 /* Styles */,
				CB9BF3342F8A1567001FCAA8 /* Utilities */,
				CB9BF33B2F8A1567001FCAA8 /* Views */,
				CB1143A82F89A672009F9FA2 /* Info.plist */,
				CB1143AB2F89A672009F9FA2 /* KeyboardViewController.swift */,
			);
			path = KeyboardExtension;
			sourceTree = "<group>";
		};
		CB9BF32F2F8A1567001FCAA8 /* Handler */ = {
			isa = PBXGroup;
			children = (
				CB9BF32E2F8A1567001FCAA8 /* KeyboardActionHandler.swift */,
			);
			path = Handler;
			sourceTree = "<group>";
		};
		CB9BF3312F8A1567001FCAA8 /* Styles */ = {
			isa = PBXGroup;
			children = (
				CB9BF3302F8A1567001FCAA8 /* KeyboardButtonStyle.swift */,
			);
			path = Styles;
			sourceTree = "<group>";
		};
		CB9BF3342F8A1567001FCAA8 /* Utilities */ = {
			isa = PBXGroup;
			children = (
				CB9BF3322F8A1567001FCAA8 /* HapticFeedback.swift */,
				CB9BF3332F8A1567001FCAA8 /* TrackpadGestureExtension.swift */,
			);
			path = Utilities;
			sourceTree = "<group>";
		};
		CB9BF33B2F8A1567001FCAA8 /* Views */ = {
			isa = PBXGroup;
			children = (
				CB9BF3352F8A1567001FCAA8 /* ActionKeyView.swift */,
				CB9BF3362F8A1567001FCAA8 /* AlphabeticKeyboardView.swift */,
				CB9BF3372F8A1567001FCAA8 /* KeyboardView.swift */,
				CB9BF3382F8A1567001FCAA8 /* NumericKeyboardView.swift */,
				CB9BF3392F8A1567001FCAA8 /* SpaceRowView.swift */,
				CB9BF33A2F8A1567001FCAA8 /* SymbolicKeyboardView.swift */,
			);
			path = Views;
			sourceTree = "<group>";
		};
/* End PBXGroup section */

/* Begin PBXNativeTarget section */
		CB1143532F896A0B009F9FA2 /* MyCuKey */ = {
			isa = PBXNativeTarget;
			buildConfigurationList = CB1143752F896A0D009F9FA2 /* Build configuration list for PBXNativeTarget "MyCuKey" */;
			buildPhases = (
				CB1143502F896A0B009F9FA2 /* Sources */,
				CB1143512F896A0B009F9FA2 /* Frameworks */,
				CB1143522F896A0B009F9FA2 /* Resources */,
				CB11438E2F896DDF009F9FA2 /* Embed Foundation Extensions */,
			);
			buildRules = (
			);
			dependencies = (
				CB1143882F896DDF009F9FA2 /* PBXTargetDependency */,
			);
			fileSystemSynchronizedGroups = (
				CB1143562F896A0B009F9FA2 /* MyCuKey */,
			);
			name = MyCuKey;
			packageProductDependencies = (
			);
			productName = MyCuKey;
			productReference = CB1143542F896A0B009F9FA2 /* MyCuKey.app */;
			productType = "com.apple.product-type.application";
		};
		CB1143602F896A0D009F9FA2 /* MyCuKeyTests */ = {
			isa = PBXNativeTarget;
			buildConfigurationList = CB1143782F896A0D009F9FA2 /* Build configuration list for PBXNativeTarget "MyCuKeyTests" */;
			buildPhases = (
				CB11435D2F896A0D009F9FA2 /* Sources */,
				CB11435E2F896A0D009F9FA2 /* Frameworks */,
				CB11435F2F896A0D009F9FA2 /* Resources */,
			);
			buildRules = (
			);
			dependencies = (
				CB1143632F896A0D009F9FA2 /* PBXTargetDependency */,
			);
			fileSystemSynchronizedGroups = (
				CB1143642F896A0D009F9FA2 /* MyCuKeyTests */,
			);
			name = MyCuKeyTests;
			packageProductDependencies = (
			);
			productName = MyCuKeyTests;
			productReference = CB1143612F896A0D009F9FA2 /* MyCuKeyTests.xctest */;
			productType = "com.apple.product-type.bundle.unit-test";
		};
		CB11436A2F896A0D009F9FA2 /* MyCuKeyUITests */ = {
			isa = PBXNativeTarget;
			buildConfigurationList = CB11437B2F896A0D009F9FA2 /* Build configuration list for PBXNativeTarget "MyCuKeyUITests" */;
			buildPhases = (
				CB1143672F896A0D009F9FA2 /* Sources */,
				CB1143682F896A0D009F9FA2 /* Frameworks */,
				CB1143692F896A0D009F9FA2 /* Resources */,
			);
			buildRules = (
			);
			dependencies = (
				CB11436D2F896A0D009F9FA2 /* PBXTargetDependency */,
			);
			fileSystemSynchronizedGroups = (
				CB11436E2F896A0D009F9FA2 /* MyCuKeyUITests */,
			);
			name = MyCuKeyUITests;
			packageProductDependencies = (
			);
			productName = MyCuKeyUITests;
			productReference = CB11436B2F896A0D009F9FA2 /* MyCuKeyUITests.xctest */;
			productType = "com.apple.product-type.bundle.ui-testing";
		};
		CB1143812F896DDF009F9FA2 /* KeyboardExtension */ = {
			isa = PBXNativeTarget;
			buildConfigurationList = CB11438B2F896DDF009F9FA2 /* Build configuration list for PBXNativeTarget "KeyboardExtension" */;
			buildPhases = (
				CB11437E2F896DDF009F9FA2 /* Sources */,
				CB11437F2F896DDF009F9FA2 /* Frameworks */,
				CB1143802F896DDF009F9FA2 /* Resources */,
			);
			buildRules = (
			);
			dependencies = (
			);
			name = KeyboardExtension;
			packageProductDependencies = (
			);
			productName = KeyboardExtension;
			productReference = CB1143822F896DDF009F9FA2 /* KeyboardExtension.appex */;
			productType = "com.apple.product-type.app-extension";
		};
/* End PBXNativeTarget section */

/* Begin PBXProject section */
		CB11434C2F896A0B009F9FA2 /* Project object */ = {
			isa = PBXProject;
			attributes = {
				BuildIndependentTargetsInParallel = 1;
				LastSwiftUpdateCheck = 2640;
				LastUpgradeCheck = 2640;
				TargetAttributes = {
					CB1143532F896A0B009F9FA2 = {
						CreatedOnToolsVersion = 26.4;
					};
					CB1143602F896A0D009F9FA2 = {
						CreatedOnToolsVersion = 26.4;
						TestTargetID = CB1143532F896A0B009F9FA2;
					};
					CB11436A2F896A0D009F9FA2 = {
						CreatedOnToolsVersion = 26.4;
						TestTargetID = CB1143532F896A0B009F9FA2;
					};
					CB1143812F896DDF009F9FA2 = {
						CreatedOnToolsVersion = 26.4;
					};
				};
			};
			buildConfigurationList = CB11434F2F896A0B009F9FA2 /* Build configuration list for PBXProject "MyCuKey" */;
			developmentRegion = en;
			hasScannedForEncodings = 0;
			knownRegions = (
				en,
				Base,
			);
			mainGroup = CB11434B2F896A0B009F9FA2;
			minimizedProjectReferenceProxies = 1;
			preferredProjectObjectVersion = 77;
			productRefGroup = CB1143552F896A0B009F9FA2 /* Products */;
			projectDirPath = "";
			projectRoot = "";
			targets = (
				CB1143532F896A0B009F9FA2 /* MyCuKey */,
				CB1143602F896A0D009F9FA2 /* MyCuKeyTests */,
				CB11436A2F896A0D009F9FA2 /* MyCuKeyUITests */,
				CB1143812F896DDF009F9FA2 /* KeyboardExtension */,
			);
		};
/* End PBXProject section */

/* Begin PBXResourcesBuildPhase section */
		CB1143522F896A0B009F9FA2 /* Resources */ = {
			isa = PBXResourcesBuildPhase;
			buildActionMask = 2147483647;
			files = (
			);
			runOnlyForDeploymentPostprocessing = 0;
		};
		CB11435F2F896A0D009F9FA2 /* Resources */ = {
			isa = PBXResourcesBuildPhase;
			buildActionMask = 2147483647;
			files = (
			);
			runOnlyForDeploymentPostprocessing = 0;
		};
		CB1143692F896A0D009F9FA2 /* Resources */ = {
			isa = PBXResourcesBuildPhase;
			buildActionMask = 2147483647;
			files = (
			);
			runOnlyForDeploymentPostprocessing = 0;
		};
		CB1143802F896DDF009F9FA2 /* Resources */ = {
			isa = PBXResourcesBuildPhase;
			buildActionMask = 2147483647;
			files = (
			);
			runOnlyForDeploymentPostprocessing = 0;
		};
/* End PBXResourcesBuildPhase section */

/* Begin PBXSourcesBuildPhase section */
		CB1143502F896A0B009F9FA2 /* Sources */ = {
			isa = PBXSourcesBuildPhase;
			buildActionMask = 2147483647;
			files = (
				CB1143B22F89A672009F9FA2 /* KeyboardViewController.swift in Sources */,
				CB9BF3462F8A1567001FCAA8 /* KeyboardActionHandler.swift in Sources */,
				CB9BF3472F8A1567001FCAA8 /* SpaceRowView.swift in Sources */,
				CB9BF3482F8A1567001FCAA8 /* SymbolicKeyboardView.swift in Sources */,
				CB9BF3492F8A1567001FCAA8 /* KeyboardButtonStyle.swift in Sources */,
				CB9BF34A2F8A1567001FCAA8 /* HapticFeedback.swift in Sources */,
				CB9BF34B2F8A1567001FCAA8 /* ActionKeyView.swift in Sources */,
				CB9BF34C2F8A1567001FCAA8 /* AlphabeticKeyboardView.swift in Sources */,
				CB9BF34D2F8A1567001FCAA8 /* NumericKeyboardView.swift in Sources */,
				CB9BF34E2F8A1567001FCAA8 /* TrackpadGestureExtension.swift in Sources */,
				CB9BF34F2F8A1567001FCAA8 /* KeyboardView.swift in Sources */,
			);
			runOnlyForDeploymentPostprocessing = 0;
		};
		CB11435D2F896A0D009F9FA2 /* Sources */ = {
			isa = PBXSourcesBuildPhase;
			buildActionMask = 2147483647;
			files = (
			);
			runOnlyForDeploymentPostprocessing = 0;
		};
		CB1143672F896A0D009F9FA2 /* Sources */ = {
			isa = PBXSourcesBuildPhase;
			buildActionMask = 2147483647;
			files = (
			);
			runOnlyForDeploymentPostprocessing = 0;
		};
		CB11437E2F896DDF009F9FA2 /* Sources */ = {
			isa = PBXSourcesBuildPhase;
			buildActionMask = 2147483647;
			files = (
				CB9BF33C2F8A1567001FCAA8 /* KeyboardActionHandler.swift in Sources */,
				CB9BF33D2F8A1567001FCAA8 /* SpaceRowView.swift in Sources */,
				CB9BF33E2F8A1567001FCAA8 /* SymbolicKeyboardView.swift in Sources */,
				CB9BF33F2F8A1567001FCAA8 /* KeyboardButtonStyle.swift in Sources */,
				CB9BF3402F8A1567001FCAA8 /* HapticFeedback.swift in Sources */,
				CB9BF3412F8A1567001FCAA8 /* ActionKeyView.swift in Sources */,
				CB9BF3422F8A1567001FCAA8 /* AlphabeticKeyboardView.swift in Sources */,
				CB9BF3432F8A1567001FCAA8 /* NumericKeyboardView.swift in Sources */,
				CB9BF3442F8A1567001FCAA8 /* TrackpadGestureExtension.swift in Sources */,
				CB9BF3452F8A1567001FCAA8 /* KeyboardView.swift in Sources */,
				CB1143B02F89A672009F9FA2 /* KeyboardViewController.swift in Sources */,
			);
			runOnlyForDeploymentPostprocessing = 0;
		};
/* End PBXSourcesBuildPhase section */

/* Begin PBXTargetDependency section */
		CB1143632F896A0D009F9FA2 /* PBXTargetDependency */ = {
			isa = PBXTargetDependency;
			target = CB1143532F896A0B009F9FA2 /* MyCuKey */;
			targetProxy = CB1143622F896A0D009F9FA2 /* PBXContainerItemProxy */;
		};
		CB11436D2F896A0D009F9FA2 /* PBXTargetDependency */ = {
			isa = PBXTargetDependency;
			target = CB1143532F896A0B009F9FA2 /* MyCuKey */;
			targetProxy = CB11436C2F896A0D009F9FA2 /* PBXContainerItemProxy */;
		};
		CB1143882F896DDF009F9FA2 /* PBXTargetDependency */ = {
			isa = PBXTargetDependency;
			target = CB1143812F896DDF009F9FA2 /* KeyboardExtension */;
			targetProxy = CB1143872F896DDF009F9FA2 /* PBXContainerItemProxy */;
		};
/* End PBXTargetDependency section */

/* Begin XCBuildConfiguration section */
		CB1143732F896A0D009F9FA2 /* Debug */ = {
			isa = XCBuildConfiguration;
			buildSettings = {
				ALWAYS_SEARCH_USER_PATHS = NO;
				ASSETCATALOG_COMPILER_GENERATE_SWIFT_ASSET_SYMBOL_EXTENSIONS = YES;
				CLANG_ANALYZER_NONNULL = YES;
				CLANG_ANALYZER_NUMBER_OBJECT_CONVERSION = YES_AGGRESSIVE;
				CLANG_CXX_LANGUAGE_STANDARD = "gnu++20";
				CLANG_ENABLE_MODULES = YES;
				CLANG_ENABLE_OBJC_ARC = YES;
				CLANG_ENABLE_OBJC_WEAK = YES;
				CLANG_WARN_BLOCK_CAPTURE_AUTORELEASING = YES;
				CLANG_WARN_BOOL_CONVERSION = YES;
				CLANG_WARN_COMMA = YES;
				CLANG_WARN_CONSTANT_CONVERSION = YES;
				CLANG_WARN_DEPRECATED_OBJC_IMPLEMENTATIONS = YES;
				CLANG_WARN_DIRECT_OBJC_ISA_USAGE = YES_ERROR;
				CLANG_WARN_DOCUMENTATION_COMMENTS = YES;
				CLANG_WARN_EMPTY_BODY = YES;
				CLANG_WARN_ENUM_CONVERSION = YES;
				CLANG_WARN_INFINITE_RECURSION = YES;
				CLANG_WARN_INT_CONVERSION = YES;
				CLANG_WARN_NON_LITERAL_NULL_CONVERSION = YES;
				CLANG_WARN_OBJC_IMPLICIT_RETAIN_SELF = YES;
				CLANG_WARN_OBJC_LITERAL_CONVERSION = YES;
				CLANG_WARN_OBJC_ROOT_CLASS = YES_ERROR;
				CLANG_WARN_QUOTED_INCLUDE_IN_FRAMEWORK_HEADER = YES;
				CLANG_WARN_RANGE_LOOP_ANALYSIS = YES;
				CLANG_WARN_STRICT_PROTOTYPES = YES;
				CLANG_WARN_SUSPICIOUS_MOVE = YES;
				CLANG_WARN_UNGUARDED_AVAILABILITY = YES_AGGRESSIVE;
				CLANG_WARN_UNREACHABLE_CODE = YES;
				CLANG_WARN__DUPLICATE_METHOD_MATCH = YES;
				COPY_PHASE_STRIP = NO;
				DEBUG_INFORMATION_FORMAT = dwarf;
				DEVELOPMENT_TEAM = Q8T2W5DK59;
				ENABLE_STRICT_OBJC_MSGSEND = YES;
				ENABLE_TESTABILITY = YES;
				ENABLE_USER_SCRIPT_SANDBOXING = YES;
				GCC_C_LANGUAGE_STANDARD = gnu17;
				GCC_DYNAMIC_NO_PIC = NO;
				GCC_NO_COMMON_BLOCKS = YES;
				GCC_OPTIMIZATION_LEVEL = 0;
				GCC_PREPROCESSOR_DEFINITIONS = (
					"DEBUG=1",
					"$(inherited)",
				);
				GCC_WARN_64_TO_32_BIT_CONVERSION = YES;
				GCC_WARN_ABOUT_RETURN_TYPE = YES_ERROR;
				GCC_WARN_UNDECLARED_SELECTOR = YES;
				GCC_WARN_UNINITIALIZED_AUTOS = YES_AGGRESSIVE;
				GCC_WARN_UNUSED_FUNCTION = YES;
				GCC_WARN_UNUSED_VARIABLE = YES;
				IPHONEOS_DEPLOYMENT_TARGET = 26.0;
				LOCALIZATION_PREFERS_STRING_CATALOGS = YES;
				MTL_ENABLE_DEBUG_INFO = INCLUDE_SOURCE;
				MTL_FAST_MATH = YES;
				ONLY_ACTIVE_ARCH = YES;
				SDKROOT = iphoneos;
				SWIFT_ACTIVE_COMPILATION_CONDITIONS = "DEBUG $(inherited)";
				SWIFT_OPTIMIZATION_LEVEL = "-Onone";
			};
			name = Debug;
		};
		CB1143742F896A0D009F9FA2 /* Release */ = {
			isa = XCBuildConfiguration;
			buildSettings = {
				ALWAYS_SEARCH_USER_PATHS = NO;
				ASSETCATALOG_COMPILER_GENERATE_SWIFT_ASSET_SYMBOL_EXTENSIONS = YES;
				CLANG_ANALYZER_NONNULL = YES;
				CLANG_ANALYZER_NUMBER_OBJECT_CONVERSION = YES_AGGRESSIVE;
				CLANG_CXX_LANGUAGE_STANDARD = "gnu++20";
				CLANG_ENABLE_MODULES = YES;
				CLANG_ENABLE_OBJC_ARC = YES;
				CLANG_ENABLE_OBJC_WEAK = YES;
				CLANG_WARN_BLOCK_CAPTURE_AUTORELEASING = YES;
				CLANG_WARN_BOOL_CONVERSION = YES;
				CLANG_WARN_COMMA = YES;
				CLANG_WARN_CONSTANT_CONVERSION = YES;
				CLANG_WARN_DEPRECATED_OBJC_IMPLEMENTATIONS = YES;
				CLANG_WARN_DIRECT_OBJC_ISA_USAGE = YES_ERROR;
				CLANG_WARN_DOCUMENTATION_COMMENTS = YES;
				CLANG_WARN_EMPTY_BODY = YES;
				CLANG_WARN_ENUM_CONVERSION = YES;
				CLANG_WARN_INFINITE_RECURSION = YES;
				CLANG_WARN_INT_CONVERSION = YES;
				CLANG_WARN_NON_LITERAL_NULL_CONVERSION = YES;
				CLANG_WARN_OBJC_IMPLICIT_RETAIN_SELF = YES;
				CLANG_WARN_OBJC_LITERAL_CONVERSION = YES;
				CLANG_WARN_OBJC_ROOT_CLASS = YES_ERROR;
				CLANG_WARN_QUOTED_INCLUDE_IN_FRAMEWORK_HEADER = YES;
				CLANG_WARN_RANGE_LOOP_ANALYSIS = YES;
				CLANG_WARN_STRICT_PROTOTYPES = YES;
				CLANG_WARN_SUSPICIOUS_MOVE = YES;
				CLANG_WARN_UNGUARDED_AVAILABILITY = YES_AGGRESSIVE;
				CLANG_WARN_UNREACHABLE_CODE = YES;
				CLANG_WARN__DUPLICATE_METHOD_MATCH = YES;
				COPY_PHASE_STRIP = NO;
				DEBUG_INFORMATION_FORMAT = "dwarf-with-dsym";
				DEVELOPMENT_TEAM = Q8T2W5DK59;
				ENABLE_NS_ASSERTIONS = NO;
				ENABLE_STRICT_OBJC_MSGSEND = YES;
				ENABLE_USER_SCRIPT_SANDBOXING = YES;
				GCC_C_LANGUAGE_STANDARD = gnu17;
				GCC_NO_COMMON_BLOCKS = YES;
				GCC_WARN_64_TO_32_BIT_CONVERSION = YES;
				GCC_WARN_ABOUT_RETURN_TYPE = YES_ERROR;
				GCC_WARN_UNDECLARED_SELECTOR = YES;
				GCC_WARN_UNINITIALIZED_AUTOS = YES_AGGRESSIVE;
				GCC_WARN_UNUSED_FUNCTION = YES;
				GCC_WARN_UNUSED_VARIABLE = YES;
				IPHONEOS_DEPLOYMENT_TARGET = 26.0;
				LOCALIZATION_PREFERS_STRING_CATALOGS = YES;
				MTL_ENABLE_DEBUG_INFO = NO;
				MTL_FAST_MATH = YES;
				SDKROOT = iphoneos;
				SWIFT_COMPILATION_MODE = wholemodule;
				VALIDATE_PRODUCT = YES;
			};
			name = Release;
		};
		CB1143762F896A0D009F9FA2 /* Debug */ = {
			isa = XCBuildConfiguration;
			buildSettings = {
				ASSETCATALOG_COMPILER_APPICON_NAME = AppIcon;
				ASSETCATALOG_COMPILER_GLOBAL_ACCENT_COLOR_NAME = AccentColor;
				CODE_SIGN_STYLE = Automatic;
				CURRENT_PROJECT_VERSION = 1;
				DEVELOPMENT_TEAM = Q8T2W5DK59;
				ENABLE_PREVIEWS = YES;
				GENERATE_INFOPLIST_FILE = YES;
				INFOPLIST_KEY_UIApplicationSceneManifest_Generation = YES;
				INFOPLIST_KEY_UIApplicationSupportsIndirectInputEvents = YES;
				INFOPLIST_KEY_UILaunchScreen_Generation = YES;
				INFOPLIST_KEY_UISupportedInterfaceOrientations_iPad = "UIInterfaceOrientationPortrait UIInterfaceOrientationPortraitUpsideDown UIInterfaceOrientationLandscapeLeft UIInterfaceOrientationLandscapeRight";
				INFOPLIST_KEY_UISupportedInterfaceOrientations_iPhone = "UIInterfaceOrientationPortrait UIInterfaceOrientationLandscapeLeft UIInterfaceOrientationLandscapeRight";
				LD_RUNPATH_SEARCH_PATHS = (
					"$(inherited)",
					"@executable_path/Frameworks",
				);
				MARKETING_VERSION = 1.0;
				PRODUCT_BUNDLE_IDENTIFIER = com.kvolodymyr.MyCuKey;
				PRODUCT_NAME = "$(TARGET_NAME)";
				STRING_CATALOG_GENERATE_SYMBOLS = YES;
				SWIFT_APPROACHABLE_CONCURRENCY = YES;
				SWIFT_DEFAULT_ACTOR_ISOLATION = MainActor;
				SWIFT_EMIT_LOC_STRINGS = YES;
				SWIFT_UPCOMING_FEATURE_MEMBER_IMPORT_VISIBILITY = YES;
				SWIFT_VERSION = 5.0;
				TARGETED_DEVICE_FAMILY = "1,2";
			};
			name = Debug;
		};
		CB1143772F896A0D009F9FA2 /* Release */ = {
			isa = XCBuildConfiguration;
			buildSettings = {
				ASSETCATALOG_COMPILER_APPICON_NAME = AppIcon;
				ASSETCATALOG_COMPILER_GLOBAL_ACCENT_COLOR_NAME = AccentColor;
				CODE_SIGN_STYLE = Automatic;
				CURRENT_PROJECT_VERSION = 1;
				DEVELOPMENT_TEAM = Q8T2W5DK59;
				ENABLE_PREVIEWS = YES;
				GENERATE_INFOPLIST_FILE = YES;
				INFOPLIST_KEY_UIApplicationSceneManifest_Generation = YES;
				INFOPLIST_KEY_UIApplicationSupportsIndirectInputEvents = YES;
				INFOPLIST_KEY_UILaunchScreen_Generation = YES;
				INFOPLIST_KEY_UISupportedInterfaceOrientations_iPad = "UIInterfaceOrientationPortrait UIInterfaceOrientationPortraitUpsideDown UIInterfaceOrientationLandscapeLeft UIInterfaceOrientationLandscapeRight";
				INFOPLIST_KEY_UISupportedInterfaceOrientations_iPhone = "UIInterfaceOrientationPortrait UIInterfaceOrientationLandscapeLeft UIInterfaceOrientationLandscapeRight";
				LD_RUNPATH_SEARCH_PATHS = (
					"$(inherited)",
					"@executable_path/Frameworks",
				);
				MARKETING_VERSION = 1.0;
				PRODUCT_BUNDLE_IDENTIFIER = com.kvolodymyr.MyCuKey;
				PRODUCT_NAME = "$(TARGET_NAME)";
				STRING_CATALOG_GENERATE_SYMBOLS = YES;
				SWIFT_APPROACHABLE_CONCURRENCY = YES;
				SWIFT_DEFAULT_ACTOR_ISOLATION = MainActor;
				SWIFT_EMIT_LOC_STRINGS = YES;
				SWIFT_UPCOMING_FEATURE_MEMBER_IMPORT_VISIBILITY = YES;
				SWIFT_VERSION = 5.0;
				TARGETED_DEVICE_FAMILY = "1,2";
			};
			name = Release;
		};
		CB1143792F896A0D009F9FA2 /* Debug */ = {
			isa = XCBuildConfiguration;
			buildSettings = {
				BUNDLE_LOADER = "$(TEST_HOST)";
				CODE_SIGN_STYLE = Automatic;
				CURRENT_PROJECT_VERSION = 1;
				DEVELOPMENT_TEAM = Q8T2W5DK59;
				GENERATE_INFOPLIST_FILE = YES;
				IPHONEOS_DEPLOYMENT_TARGET = 26.0;
				MARKETING_VERSION = 1.0;
				PRODUCT_BUNDLE_IDENTIFIER = com.kvolodymyr.MyCuKeyTests;
				PRODUCT_NAME = "$(TARGET_NAME)";
				STRING_CATALOG_GENERATE_SYMBOLS = NO;
				SWIFT_APPROACHABLE_CONCURRENCY = YES;
				SWIFT_EMIT_LOC_STRINGS = NO;
				SWIFT_UPCOMING_FEATURE_MEMBER_IMPORT_VISIBILITY = YES;
				SWIFT_VERSION = 5.0;
				TARGETED_DEVICE_FAMILY = "1,2";
				TEST_HOST = "$(BUILT_PRODUCTS_DIR)/MyCuKey.app/$(BUNDLE_EXECUTABLE_FOLDER_PATH)/MyCuKey";
			};
			name = Debug;
		};
		CB11437A2F896A0D009F9FA2 /* Release */ = {
			isa = XCBuildConfiguration;
			buildSettings = {
				BUNDLE_LOADER = "$(TEST_HOST)";
				CODE_SIGN_STYLE = Automatic;
				CURRENT_PROJECT_VERSION = 1;
				DEVELOPMENT_TEAM = Q8T2W5DK59;
				GENERATE_INFOPLIST_FILE = YES;
				IPHONEOS_DEPLOYMENT_TARGET = 26.0;
				MARKETING_VERSION = 1.0;
				PRODUCT_BUNDLE_IDENTIFIER = com.kvolodymyr.MyCuKeyTests;
				PRODUCT_NAME = "$(TARGET_NAME)";
				STRING_CATALOG_GENERATE_SYMBOLS = NO;
				SWIFT_APPROACHABLE_CONCURRENCY = YES;
				SWIFT_EMIT_LOC_STRINGS = NO;
				SWIFT_UPCOMING_FEATURE_MEMBER_IMPORT_VISIBILITY = YES;
				SWIFT_VERSION = 5.0;
				TARGETED_DEVICE_FAMILY = "1,2";
				TEST_HOST = "$(BUILT_PRODUCTS_DIR)/MyCuKey.app/$(BUNDLE_EXECUTABLE_FOLDER_PATH)/MyCuKey";
			};
			name = Release;
		};
		CB11437C2F896A0D009F9FA2 /* Debug */ = {
			isa = XCBuildConfiguration;
			buildSettings = {
				CODE_SIGN_STYLE = Automatic;
				CURRENT_PROJECT_VERSION = 1;
				DEVELOPMENT_TEAM = Q8T2W5DK59;
				GENERATE_INFOPLIST_FILE = YES;
				MARKETING_VERSION = 1.0;
				PRODUCT_BUNDLE_IDENTIFIER = com.kvolodymyr.MyCuKeyUITests;
				PRODUCT_NAME = "$(TARGET_NAME)";
				STRING_CATALOG_GENERATE_SYMBOLS = NO;
				SWIFT_APPROACHABLE_CONCURRENCY = YES;
				SWIFT_EMIT_LOC_STRINGS = NO;
				SWIFT_UPCOMING_FEATURE_MEMBER_IMPORT_VISIBILITY = YES;
				SWIFT_VERSION = 5.0;
				TARGETED_DEVICE_FAMILY = "1,2";
				TEST_TARGET_NAME = MyCuKey;
			};
			name = Debug;
		};
		CB11437D2F896A0D009F9FA2 /* Release */ = {
			isa = XCBuildConfiguration;
			buildSettings = {
				CODE_SIGN_STYLE = Automatic;
				CURRENT_PROJECT_VERSION = 1;
				DEVELOPMENT_TEAM = Q8T2W5DK59;
				GENERATE_INFOPLIST_FILE = YES;
				MARKETING_VERSION = 1.0;
				PRODUCT_BUNDLE_IDENTIFIER = com.kvolodymyr.MyCuKeyUITests;
				PRODUCT_NAME = "$(TARGET_NAME)";
				STRING_CATALOG_GENERATE_SYMBOLS = NO;
				SWIFT_APPROACHABLE_CONCURRENCY = YES;
				SWIFT_EMIT_LOC_STRINGS = NO;
				SWIFT_UPCOMING_FEATURE_MEMBER_IMPORT_VISIBILITY = YES;
				SWIFT_VERSION = 5.0;
				TARGETED_DEVICE_FAMILY = "1,2";
				TEST_TARGET_NAME = MyCuKey;
			};
			name = Release;
		};
		CB11438C2F896DDF009F9FA2 /* Debug */ = {
			isa = XCBuildConfiguration;
			buildSettings = {
				CODE_SIGN_STYLE = Automatic;
				CURRENT_PROJECT_VERSION = 1;
				DEVELOPMENT_TEAM = Q8T2W5DK59;
				GENERATE_INFOPLIST_FILE = YES;
				INFOPLIST_FILE = KeyboardExtension/Info.plist;
				INFOPLIST_KEY_CFBundleDisplayName = KeyboardExtension;
				INFOPLIST_KEY_NSHumanReadableCopyright = "";
				LD_RUNPATH_SEARCH_PATHS = (
					"$(inherited)",
					"@executable_path/Frameworks",
					"@executable_path/../../Frameworks",
				);
				MARKETING_VERSION = 1.0;
				PRODUCT_BUNDLE_IDENTIFIER = com.kvolodymyr.MyCuKey.KeyboardExtension;
				PRODUCT_NAME = "$(TARGET_NAME)";
				SKIP_INSTALL = YES;
				STRING_CATALOG_GENERATE_SYMBOLS = YES;
				SWIFT_APPROACHABLE_CONCURRENCY = YES;
				SWIFT_EMIT_LOC_STRINGS = YES;
				SWIFT_UPCOMING_FEATURE_MEMBER_IMPORT_VISIBILITY = YES;
				SWIFT_VERSION = 5.0;
				TARGETED_DEVICE_FAMILY = "1,2";
			};
			name = Debug;
		};
		CB11438D2F896DDF009F9FA2 /* Release */ = {
			isa = XCBuildConfiguration;
			buildSettings = {
				CODE_SIGN_STYLE = Automatic;
				CURRENT_PROJECT_VERSION = 1;
				DEVELOPMENT_TEAM = Q8T2W5DK59;
				GENERATE_INFOPLIST_FILE = YES;
				INFOPLIST_FILE = KeyboardExtension/Info.plist;
				INFOPLIST_KEY_CFBundleDisplayName = KeyboardExtension;
				INFOPLIST_KEY_NSHumanReadableCopyright = "";
				LD_RUNPATH_SEARCH_PATHS = (
					"$(inherited)",
					"@executable_path/Frameworks",
					"@executable_path/../../Frameworks",
				);
				MARKETING_VERSION = 1.0;
				PRODUCT_BUNDLE_IDENTIFIER = com.kvolodymyr.MyCuKey.KeyboardExtension;
				PRODUCT_NAME = "$(TARGET_NAME)";
				SKIP_INSTALL = YES;
				STRING_CATALOG_GENERATE_SYMBOLS = YES;
				SWIFT_APPROACHABLE_CONCURRENCY = YES;
				SWIFT_EMIT_LOC_STRINGS = YES;
				SWIFT_UPCOMING_FEATURE_MEMBER_IMPORT_VISIBILITY = YES;
				SWIFT_VERSION = 5.0;
				TARGETED_DEVICE_FAMILY = "1,2";
			};
			name = Release;
		};
/* End XCBuildConfiguration section */

/* Begin XCConfigurationList section */
		CB11434F2F896A0B009F9FA2 /* Build configuration list for PBXProject "MyCuKey" */ = {
			isa = XCConfigurationList;
			buildConfigurations = (
				CB1143732F896A0D009F9FA2 /* Debug */,
				CB1143742F896A0D009F9FA2 /* Release */,
			);
			defaultConfigurationIsVisible = 0;
			defaultConfigurationName = Release;
		};
		CB1143752F896A0D009F9FA2 /* Build configuration list for PBXNativeTarget "MyCuKey" */ = {
			isa = XCConfigurationList;
			buildConfigurations = (
				CB1143762F896A0D009F9FA2 /* Debug */,
				CB1143772F896A0D009F9FA2 /* Release */,
			);
			defaultConfigurationIsVisible = 0;
			defaultConfigurationName = Release;
		};
		CB1143782F896A0D009F9FA2 /* Build configuration list for PBXNativeTarget "MyCuKeyTests" */ = {
			isa = XCConfigurationList;
			buildConfigurations = (
				CB1143792F896A0D009F9FA2 /* Debug */,
				CB11437A2F896A0D009F9FA2 /* Release */,
			);
			defaultConfigurationIsVisible = 0;
			defaultConfigurationName = Release;
		};
		CB11437B2F896A0D009F9FA2 /* Build configuration list for PBXNativeTarget "MyCuKeyUITests" */ = {
			isa = XCConfigurationList;
			buildConfigurations = (
				CB11437C2F896A0D009F9FA2 /* Debug */,
				CB11437D2F896A0D009F9FA2 /* Release */,
			);
			defaultConfigurationIsVisible = 0;
			defaultConfigurationName = Release;
		};
		CB11438B2F896DDF009F9FA2 /* Build configuration list for PBXNativeTarget "KeyboardExtension" */ = {
			isa = XCConfigurationList;
			buildConfigurations = (
				CB11438C2F896DDF009F9FA2 /* Debug */,
				CB11438D2F896DDF009F9FA2 /* Release */,
			);
			defaultConfigurationIsVisible = 0;
			defaultConfigurationName = Release;
		};
/* End XCConfigurationList section */
	};
	rootObject = CB11434C2F896A0B009F9FA2 /* Project object */;
}
